
Microsoft Visual Studio Solution File, Format Version 12.00
# Visual Studio Version 17
VisualStudioVersion = 17.9.34607.119
MinimumVisualStudioVersion = 10.0.40219.1
Project("{FAE04EC0-301F-11D3-BF4B-00C04F79EFBC}") = "16,02,24", "16,02,24.csproj", "{3B241AC9-EB53-4E68-AA5D-41DF83E2AA3A}"
EndProject
Global
	GlobalSection(SolutionConfigurationPlatforms) = preSolution
		Debug|Any CPU = Debug|Any CPU
		Release|Any CPU = Release|Any CPU
	EndGlobalSection
	GlobalSection(ProjectConfigurationPlatforms) = postSolution
		{3B241AC9-EB53-4E68-AA5D-41DF83E2AA3A}.Debug|Any CPU.ActiveCfg = Debug|Any CPU
		{3B241AC9-EB53-4E68-AA5D-41DF83E2AA3A}.Debug|Any CPU.Build.0 = Debug|Any CPU
		{3B241AC9-EB53-4E68-AA5D-41DF83E2AA3A}.Release|Any CPU.ActiveCfg = Release|Any CPU
		{3B241AC9-EB53-4E68-AA5D-41DF83E2AA3A}.Release|Any CPU.Build.0 = Release|Any CPU
	EndGlobalSection
	GlobalSection(SolutionProperties) = preSolution
		HideSolutionNode = FALSE
	EndGlobalSection
	GlobalSection(ExtensibilityGlobals) = postSolution
		SolutionGuid = {8121219C-C3AD-49A6-857F-5E9A725CA432}
	EndGlobalSection
EndGlobal
